
Microsoft Visual Studio Solution File, Format Version 12.00
# Visual Studio Version 16
VisualStudioVersion = 16.0.31702.278
MinimumVisualStudioVersion = 10.0.40219.1
Project("{FAE04EC0-301F-11D3-BF4B-00C04F79EFBC}") = "CursosCast", "CursosCast.csproj", "{D7B0B15A-F212-4E0F-A0EE-C84AD8E484F5}"
EndProject
Global
	GlobalSection(SolutionConfigurationPlatforms) = preSolution
		Debug|Any CPU = Debug|Any CPU
		Release|Any CPU = Release|Any CPU
	EndGlobalSection
	GlobalSection(ProjectConfigurationPlatforms) = postSolution
		{D7B0B15A-F212-4E0F-A0EE-C84AD8E484F5}.Debug|Any CPU.ActiveCfg = Debug|Any CPU
		{D7B0B15A-F212-4E0F-A0EE-C84AD8E484F5}.Debug|Any CPU.Build.0 = Debug|Any CPU
		{D7B0B15A-F212-4E0F-A0EE-C84AD8E484F5}.Release|Any CPU.ActiveCfg = Release|Any CPU
		{D7B0B15A-F212-4E0F-A0EE-C84AD8E484F5}.Release|Any CPU.Build.0 = Release|Any CPU
	EndGlobalSection
	GlobalSection(SolutionProperties) = preSolution
		HideSolutionNode = FALSE
	EndGlobalSection
	GlobalSection(ExtensibilityGlobals) = postSolution
		SolutionGuid = {DE426CFA-032D-4FC7-A037-D18D1C56B63D}
	EndGlobalSection
EndGlobal
